
Microsoft Visual Studio Solution File, Format Version 12.00
# Visual Studio Version 17
VisualStudioVersion = 17.6.33829.357
MinimumVisualStudioVersion = 10.0.40219.1
Project("{FAE04EC0-301F-11D3-BF4B-00C04F79EFBC}") = "THPRS", "THPRS.csproj", "{3980D046-F1BB-4DBD-A833-233892570837}"
EndProject
Global
	GlobalSection(SolutionConfigurationPlatforms) = preSolution
		Debug|Any CPU = Debug|Any CPU
		Release|Any CPU = Release|Any CPU
	EndGlobalSection
	GlobalSection(ProjectConfigurationPlatforms) = postSolution
		{3980D046-F1BB-4DBD-A833-233892570837}.Debug|Any CPU.ActiveCfg = Debug|Any CPU
		{3980D046-F1BB-4DBD-A833-233892570837}.Debug|Any CPU.Build.0 = Debug|Any CPU
		{3980D046-F1BB-4DBD-A833-233892570837}.Release|Any CPU.ActiveCfg = Release|Any CPU
		{3980D046-F1BB-4DBD-A833-233892570837}.Release|Any CPU.Build.0 = Release|Any CPU
	EndGlobalSection
	GlobalSection(SolutionProperties) = preSolution
		HideSolutionNode = FALSE
	EndGlobalSection
	GlobalSection(ExtensibilityGlobals) = postSolution
		SolutionGuid = {687B21FF-C9EF-49E1-8861-62B0EF7CBF1F}
	EndGlobalSection
EndGlobal
